PODS:
  - AFNetworking (3.2.1):
    - AFNetworking/NSURLSession (= 3.2.1)
    - AFNetworking/Reachability (= 3.2.1)
    - AFNetworking/Security (= 3.2.1)
    - AFNetworking/Serialization (= 3.2.1)
    - AFNetworking/UIKit (= 3.2.1)
  - AFNetworking/NSURLSession (3.2.1):
    - AFNetworking/Reachability
    - AFNetworking/Security
    - AFNetworking/Serialization
  - AFNetworking/Reachability (3.2.1)
  - AFNetworking/Security (3.2.1)
  - AFNetworking/Serialization (3.2.1)
  - AFNetworking/UIKit (3.2.1):
    - AFNetworking/NSURLSession
  - GZIP (1.2.3)
  - libbase58 (0.1.4)
  - OLMKit (3.1.0):
    - OLMKit/olmc (= 3.1.0)
    - OLMKit/olmcpp (= 3.1.0)
  - OLMKit/olmc (3.1.0)
  - OLMKit/olmcpp (3.1.0)
  - Realm (3.17.3):
    - Realm/Headers (= 3.17.3)
  - Realm/Headers (3.17.3)
  - SnapKit (4.2.0)
  - SwiftMatrixSDK (0.15.2):
    - AFNetworking (~> 3.2.0)
    - GZIP (~> 1.2.2)
    - libbase58 (~> 0.1.4)
    - OLMKit (~> 3.1.0)
    - Realm (~> 3.17.3)

DEPENDENCIES:
  - SnapKit (~> 4.2.0)
  - SwiftMatrixSDK (from `https://github.com/michaelnew/matrix-ios-sdk`, branch `develop`)

SPEC REPOS:
  trunk:
    - AFNetworking
    - GZIP
    - libbase58
    - OLMKit
    - Realm
    - SnapKit

EXTERNAL SOURCES:
  SwiftMatrixSDK:
    :branch: develop
    :git: https://github.com/michaelnew/matrix-ios-sdk

CHECKOUT OPTIONS:
  SwiftMatrixSDK:
    :commit: d1c503fa02bcea2bcd3a5b89bdc0ce3f5cca2c1d
    :git: https://github.com/michaelnew/matrix-ios-sdk

SPEC CHECKSUMS:
  AFNetworking: b6f891fdfaed196b46c7a83cf209e09697b94057
  GZIP: af5c90ef903776a7e9afe6ebebd794a84a2929d4
  libbase58: 7c040313537b8c44b6e2d15586af8e21f7354efd
  OLMKit: 4ee0159d63feeb86d836fdcfefe418e163511639
  Realm: 5a1d9d47bfc101dd597668b1a8af4288a2557f6d
  SnapKit: fe8a619752f3f27075cc9a90244d75c6c3f27e2a
  SwiftMatrixSDK: c10f13c0e1aeff1b9670515602bcb3b89317198f

PODFILE CHECKSUM: 755b927dc0a6f0fc94a659e0d9a3ad0bd7ccb6d8

COCOAPODS: 1.8.4
